{
  "name": "rust-oidc-compat-openid-client",
  "lockfileVersion": 3,
  "requires": true,
  "packages": {
    "": {
      "name": "rust-oidc-compat-openid-client",
      "dependencies": {
        "openid-client": "^6.8.8"
      }
    },
    "node_modules/jose": {
      "version": "6.2.12",
      "resolved": "https://registry.npmjs.org/jose/-/jose-6.2.12.tgz",
      "integrity": "sha512-9NiFmJEex0sy2Dk58j2UGBSHgUs2ypF9eZSu4L6vjOX3Dp96Sw1F3uL+H+D1sx02jZZdzUT0HgvCy59CuvXcWw==",
      "license": "MIT",
      "funding": {
        "url": "https://github.com/sponsors/panva"
      }
    },
    "node_modules/oauth4webapi": {
      "version": "3.8.8",
      "resolved": "https://registry.npmjs.org/oauth4webapi/-/oauth4webapi-3.8.8.tgz",
      "integrity": "sha512-8N28E+a/oxfXWBgOMt+ZP/JUf/XR+IFbvkAEPP3gznXOMv9BpAAwiIj0TFNz3tGTPc0ZQ8zmWBNgN1nAys0gng==",
      "license": "MIT",
      "funding": {
        "url": "https://github.com/sponsors/panva"
      }
    },
    "node_modules/openid-client": {
      "version": "6.8.8",
      "resolved": "https://registry.npmjs.org/openid-client/-/openid-client-6.8.8.tgz",
      "integrity": "sha512-ZsucJA5Ad04Uv7YN4ql+s4GXNmb9uAYQwyJTsJx7CH/MX3JZioLE2pVKi1SC+YrbSLA4Px3Gi30dMjgOZtb6pA==",
      "license": "MIT",
      "dependencies": {
        "jose": "^6.2.12",
        "oauth4webapi": "^3.8.8"
      },
      "funding": {
        "url": "https://github.com/sponsors/panva"
      }
    }
  }
}
